Microsoft Visual Studio Solution File, Format Version 12.00
# Visual Studio Version 17
VisualStudioVersion = 17.5.2.0
MinimumVisualStudioVersion = 10.0.40219.1
Project("{FAE04EC0-301F-11D3-BF4B-00C04F79EFBC}") = "WeddingPlanner", "WeddingPlanner.csproj", "{66751ABA-7F89-237B-EF22-EEBFE902596A}"
EndProject
Global
	GlobalSection(SolutionConfigurationPlatforms) = preSolution
		Debug|Any CPU = Debug|Any CPU
		Release|Any CPU = Release|Any CPU
	EndGlobalSection
	GlobalSection(ProjectConfigurationPlatforms) = postSolution
		{66751ABA-7F89-237B-EF22-EEBFE902596A}.Debug|Any CPU.ActiveCfg = Debug|Any CPU
		{66751ABA-7F89-237B-EF22-EEBFE902596A}.Debug|Any CPU.Build.0 = Debug|Any CPU
		{66751ABA-7F89-237B-EF22-EEBFE902596A}.Release|Any CPU.ActiveCfg = Release|Any CPU
		{66751ABA-7F89-237B-EF22-EEBFE902596A}.Release|Any CPU.Build.0 = Release|Any CPU
	EndGlobalSection
	GlobalSection(SolutionProperties) = preSolution
		HideSolutionNode = FALSE
	EndGlobalSection
	GlobalSection(ExtensibilityGlobals) = postSolution
		SolutionGuid = {2DEF71D2-D361-4840-9CD4-49E85BB5875F}
	EndGlobalSection
EndGlobal
